
Microsoft Visual Studio Solution File, Format Version 12.00
# Visual Studio Version 17
VisualStudioVersion = 17.2.32505.173
MinimumVisualStudioVersion = 10.0.40219.1
Project("{FAE04EC0-301F-11D3-BF4B-00C04F79EFBC}") = "Cliente MySQL", "Cliente MySQL\Cliente MySQL.csproj", "{841393D9-2001-4626-85FC-0763E0591D34}"
EndProject
Global
	GlobalSection(SolutionConfigurationPlatforms) = preSolution
		Debug|Any CPU = Debug|Any CPU
		Release|Any CPU = Release|Any CPU
	EndGlobalSection
	GlobalSection(ProjectConfigurationPlatforms) = postSolution
		{841393D9-2001-4626-85FC-0763E0591D34}.Debug|Any CPU.ActiveCfg = Debug|Any CPU
		{841393D9-2001-4626-85FC-0763E0591D34}.Debug|Any CPU.Build.0 = Debug|Any CPU
		{841393D9-2001-4626-85FC-0763E0591D34}.Release|Any CPU.ActiveCfg = Release|Any CPU
		{841393D9-2001-4626-85FC-0763E0591D34}.Release|Any CPU.Build.0 = Release|Any CPU
	EndGlobalSection
	GlobalSection(SolutionProperties) = preSolution
		HideSolutionNode = FALSE
	EndGlobalSection
	GlobalSection(ExtensibilityGlobals) = postSolution
		SolutionGuid = {047DCDA9-F3ED-4C18-AF82-784E3EC226C2}
	EndGlobalSection
EndGlobal
